
Microsoft Visual Studio Solution File, Format Version 12.00
# Visual Studio Version 16
VisualStudioVersion = 16.0.29920.165
MinimumVisualStudioVersion = 10.0.40219.1
Project("{FAE04EC0-301F-11D3-BF4B-00C04F79EFBC}") = "SimpleShoppingList", "SimpleShoppingList\SimpleShoppingList.csproj", "{FB51DFDF-8010-40FD-A9E4-B0F317E7D7F1}"
EndProject
Global
	GlobalSection(SolutionConfigurationPlatforms) = preSolution
		Debug|Any CPU = Debug|Any CPU
		Release|Any CPU = Release|Any CPU
	EndGlobalSection
	GlobalSection(ProjectConfigurationPlatforms) = postSolution
		{FB51DFDF-8010-40FD-A9E4-B0F317E7D7F1}.Debug|Any CPU.ActiveCfg = Debug|Any CPU
		{FB51DFDF-8010-40FD-A9E4-B0F317E7D7F1}.Debug|Any CPU.Build.0 = Debug|Any CPU
		{FB51DFDF-8010-40FD-A9E4-B0F317E7D7F1}.Release|Any CPU.ActiveCfg = Release|Any CPU
		{FB51DFDF-8010-40FD-A9E4-B0F317E7D7F1}.Release|Any CPU.Build.0 = Release|Any CPU
	EndGlobalSection
	GlobalSection(SolutionProperties) = preSolution
		HideSolutionNode = FALSE
	EndGlobalSection
	GlobalSection(ExtensibilityGlobals) = postSolution
		SolutionGuid = {88411043-136C-406B-AF6F-C57806FB2A64}
	EndGlobalSection
EndGlobal
